Microsoft Visual Studio Solution File, Format Version 12.00
# Visual Studio 2012
Project("{FAE04EC0-301F-11D3-BF4B-00C04F79EFBC}") = "Anchor", "Anchor.csproj", "{46FF40F0-0C81-43FF-A75A-545A7E16A146}"
EndProject
Global
	GlobalSection(SolutionConfigurationPlatforms) = preSolution
	Debug|Any CPU = Debug|Any CPU
	ExportDebug|Any CPU = ExportDebug|Any CPU
	ExportRelease|Any CPU = ExportRelease|Any CPU
	EndGlobalSection
	GlobalSection(ProjectConfigurationPlatforms) = postSolution
		{46FF40F0-0C81-43FF-A75A-545A7E16A146}.Debug|Any CPU.ActiveCfg = Debug|Any CPU
		{46FF40F0-0C81-43FF-A75A-545A7E16A146}.Debug|Any CPU.Build.0 = Debug|Any CPU
		{46FF40F0-0C81-43FF-A75A-545A7E16A146}.ExportDebug|Any CPU.ActiveCfg = ExportDebug|Any CPU
		{46FF40F0-0C81-43FF-A75A-545A7E16A146}.ExportDebug|Any CPU.Build.0 = ExportDebug|Any CPU
		{46FF40F0-0C81-43FF-A75A-545A7E16A146}.ExportRelease|Any CPU.ActiveCfg = ExportRelease|Any CPU
		{46FF40F0-0C81-43FF-A75A-545A7E16A146}.ExportRelease|Any CPU.Build.0 = ExportRelease|Any CPU
	EndGlobalSection
EndGlobal
